<?xml version="1.0" encoding="utf-8"?>
<Project ToolsVersion="4.0" xmlns="http://schemas.microsoft.com/developer/msbuild/2003">
  <ItemGroup>
    <Filter Include="Source Files">
      <UniqueIdentifier>{4FC737F1-C7A5-4376-A066-2A32D752A2FF}</UniqueIdentifier>
      <Extensions>cpp;c;cc;cxx;def;odl;idl;hpj;bat;asm;asmx</Extensions>
    </Filter>
    <Filter Include="Header Files">
      <UniqueIdentifier>{93995380-89BD-4b04-88EB-625FBE52EBFB}</UniqueIdentifier>
      <Extensions>h;hh;hpp;hxx;hm;inl;inc;ipp;xsd</Extensions>
    </Filter>
    <Filter Include="Resource Files">
      <UniqueIdentifier>{67DA6AB6-F800-4c08-8B7A-83BB121AAD01}</UniqueIdentifier>
      <Extensions>rc;ico;cur;bmp;dlg;rc2;rct;bin;rgs;gif;jpg;jpeg;jpe;resx;tiff;tif;png;wav;mfcribbon-ms</Extensions>
    </Filter>
    <Filter Include="shared">
      <UniqueIdentifier>{152d534e-a214-4f05-b4be-621d253671da}</UniqueIdentifier>
    </Filter>
    <Filter Include="Common">
      <UniqueIdentifier>{6ba22773-b148-4d8f-9ba1-31ea255a51e6}</UniqueIdentifier>
    </Filter>
  </ItemGroup>
  <ItemGroup>
    <ClCompile Include="src\phConnector.cpp">
      <Filter>Source Files</Filter>
    </ClCompile>
    <ClCompile Include="src\shared\blowfish.cpp">
      <Filter>shared</Filter>
    </ClCompile>
    <ClCompile Include="src\shared\silkroad_security.cpp">
      <Filter>shared</Filter>
    </ClCompile>
    <ClCompile Include="src\shared\stream_utility.cpp">
      <Filter>shared</Filter>
    </ClCompile>
    <ClCompile Include="..\common\Common.cpp">
      <Filter>Common</Filter>
    </ClCompile>
    <ClCompile Include="..\common\pk2Reader.cpp">
      <Filter>Common</Filter>
    </ClCompile>
    <ClCompile Include="..\common\Silkroad.cpp">
      <Filter>Common</Filter>
    </ClCompile>
    <ClCompile Include="src\packetLogger.cpp">
      <Filter>Source Files</Filter>
    </ClCompile>
    <ClCompile Include="src\bot.cpp">
      <Filter>Source Files</Filter>
    </ClCompile>
    <ClCompile Include="src\loader.cpp">
      <Filter>Source Files</Filter>
    </ClCompile>
    <ClCompile Include="src\proxy.cpp">
      <Filter>Source Files</Filter>
    </ClCompile>
    <ClCompile Include="src\session.cpp">
      <Filter>Source Files</Filter>
    </ClCompile>
    <ClCompile Include="src\silkroadConnection.cpp">
      <Filter>Source Files</Filter>
    </ClCompile>
    <ClCompile Include="src\loginModule.cpp">
      <Filter>Source Files</Filter>
    </ClCompile>
    <ClCompile Include="src\chatEventModule.cpp">
      <Filter>Source Files</Filter>
    </ClCompile>
  </ItemGroup>
  <ItemGroup>
    <ClInclude Include="src\shared\blowfish.h">
      <Filter>shared</Filter>
    </ClInclude>
    <ClInclude Include="src\shared\silkroad_security.h">
      <Filter>shared</Filter>
    </ClInclude>
    <ClInclude Include="src\shared\stream_utility.h">
      <Filter>shared</Filter>
    </ClInclude>
    <ClInclude Include="..\common\Common.h">
      <Filter>Common</Filter>
    </ClInclude>
    <ClInclude Include="..\common\pk2Reader.h">
      <Filter>Common</Filter>
    </ClInclude>
    <ClInclude Include="..\common\Silkroad.h">
      <Filter>Common</Filter>
    </ClInclude>
    <ClInclude Include="src\packetLogger.hpp">
      <Filter>Header Files</Filter>
    </ClInclude>
    <ClInclude Include="src\bot.hpp">
      <Filter>Header Files</Filter>
    </ClInclude>
    <ClInclude Include="src\botConnection.hpp">
      <Filter>Header Files</Filter>
    </ClInclude>
    <ClInclude Include="src\loader.hpp">
      <Filter>Header Files</Filter>
    </ClInclude>
    <ClInclude Include="src\proxy.hpp">
      <Filter>Header Files</Filter>
    </ClInclude>
    <ClInclude Include="src\session.hpp">
      <Filter>Header Files</Filter>
    </ClInclude>
    <ClInclude Include="src\silkroadConnection.hpp">
      <Filter>Header Files</Filter>
    </ClInclude>
    <ClInclude Include="src\loginModule.hpp">
      <Filter>Header Files</Filter>
    </ClInclude>
    <ClInclude Include="src\chatEventModule.hpp">
      <Filter>Source Files</Filter>
    </ClInclude>
  </ItemGroup>
</Project>