<?xml version="1.0" encoding="utf-8"?>
<Project ToolsVersion="4.0" xmlns="http://schemas.microsoft.com/developer/msbuild/2003">
  <ItemGroup>
    <Filter Include="Source Files">
      <UniqueIdentifier>{4FC737F1-C7A5-4376-A066-2A32D752A2FF}</UniqueIdentifier>
      <Extensions>cpp;c;cc;cxx;def;odl;idl;hpj;bat;asm;asmx</Extensions>
    </Filter>
    <Filter Include="Header Files">
      <UniqueIdentifier>{93995380-89BD-4b04-88EB-625FBE52EBFB}</UniqueIdentifier>
      <Extensions>h;hh;hpp;hxx;hm;inl;inc;ipp;xsd</Extensions>
    </Filter>
    <Filter Include="Resource Files">
      <UniqueIdentifier>{67DA6AB6-F800-4c08-8B7A-83BB121AAD01}</UniqueIdentifier>
      <Extensions>rc;ico;cur;bmp;dlg;rc2;rct;bin;rgs;gif;jpg;jpeg;jpe;resx;tiff;tif;png;wav;mfcribbon-ms</Extensions>
    </Filter>
    <Filter Include="shared">
      <UniqueIdentifier>{152d534e-a214-4f05-b4be-621d253671da}</UniqueIdentifier>
    </Filter>
    <Filter Include="Common">
      <UniqueIdentifier>{6ba22773-b148-4d8f-9ba1-31ea255a51e6}</UniqueIdentifier>
    </Filter>
  </ItemGroup>
  <ItemGroup>
    <ClCompile Include="src\phConnector.cpp">
      <Filter>Source Files</Filter>
    </ClCompile>
    <ClCompile Include="src\shared\silkroad_security.cpp">
      <Filter>shared</Filter>
    </ClCompile>
    <ClCompile Include="src\shared\stream_utility.cpp">
      <Filter>shared</Filter>
    </ClCompile>
    <ClCompile Include="..\common\Common.cpp">
      <Filter>Common</Filter>
    </ClCompile>
    <ClCompile Include="src\packetLogger.cpp">
      <Filter>Source Files</Filter>
    </ClCompile>
    <ClCompile Include="src\bot.cpp">
      <Filter>Source Files</Filter>
    </ClCompile>
    <ClCompile Include="src\loader.cpp">
      <Filter>Source Files</Filter>
    </ClCompile>
    <ClCompile Include="src\proxy.cpp">
      <Filter>Source Files</Filter>
    </ClCompile>
    <ClCompile Include="src\session.cpp">
      <Filter>Source Files</Filter>
    </ClCompile>
    <ClCompile Include="src\silkroadConnection.cpp">
      <Filter>Source Files</Filter>
    </ClCompile>
    <ClCompile Include="src\loginModule.cpp">
      <Filter>Source Files</Filter>
    </ClCompile>
    <ClCompile Include="src\chatEventModule.cpp">
      <Filter>Source Files</Filter>
    </ClCompile>
    <ClCompile Include="src\brokerSystem.cpp">
      <Filter>Source Files</Filter>
    </ClCompile>
    <ClCompile Include="src\packetBuilding.cpp">
      <Filter>Source Files</Filter>
    </ClCompile>
    <ClCompile Include="src\opcode.cpp">
      <Filter>Source Files</Filter>
    </ClCompile>
    <ClCompile Include="..\common\division.cpp">
      <Filter>Common</Filter>
    </ClCompile>
    <ClCompile Include="..\common\divisionInfo.cpp">
      <Filter>Common</Filter>
    </ClCompile>
    <ClCompile Include="..\common\parsing.cpp">
      <Filter>Common</Filter>
    </ClCompile>
    <ClCompile Include="..\common\PK2Reader.cpp">
      <Filter>Common</Filter>
    </ClCompile>
    <ClCompile Include="..\common\pk2ReaderModern.cpp">
      <Filter>Common</Filter>
    </ClCompile>
    <ClCompile Include="..\common\shared_io.cpp">
      <Filter>Common</Filter>
    </ClCompile>
    <ClCompile Include="..\common\blowfish.cpp">
      <Filter>Common</Filter>
    </ClCompile>
    <ClCompile Include="src\gameData.cpp">
      <Filter>Source Files</Filter>
    </ClCompile>
    <ClCompile Include="src\itemData.cpp">
      <Filter>Source Files</Filter>
    </ClCompile>
    <ClCompile Include="src\skillData.cpp">
      <Filter>Source Files</Filter>
    </ClCompile>
    <ClCompile Include="src\iniReader.cpp">
      <Filter>Source Files</Filter>
    </ClCompile>
    <ClCompile Include="src\configData.cpp">
      <Filter>Source Files</Filter>
    </ClCompile>
    <ClCompile Include="src\packetParser.cpp">
      <Filter>Source Files</Filter>
    </ClCompile>
    <ClCompile Include="src\parsedPacket.cpp">
      <Filter>Source Files</Filter>
    </ClCompile>
    <ClCompile Include="src\characterInfoModule.cpp">
      <Filter>Source Files</Filter>
    </ClCompile>
    <ClCompile Include="src\item.cpp">
      <Filter>Source Files</Filter>
    </ClCompile>
    <ClCompile Include="..\common\itemInfo.cpp">
      <Filter>Common</Filter>
    </ClCompile>
    <ClCompile Include="src\characterData.cpp">
      <Filter>Source Files</Filter>
    </ClCompile>
    <ClCompile Include="..\common\characterInfo.cpp">
      <Filter>Common</Filter>
    </ClCompile>
    <ClCompile Include="src\event.cpp">
      <Filter>Source Files</Filter>
    </ClCompile>
    <ClCompile Include="src\eventBroker.cpp">
      <Filter>Source Files</Filter>
    </ClCompile>
    <ClCompile Include="src\timerManager.cpp">
      <Filter>Source Files</Filter>
    </ClCompile>
    <ClCompile Include="src\storage.cpp">
      <Filter>Source Files</Filter>
    </ClCompile>
    <ClCompile Include="src\itemList.cpp">
      <Filter>Source Files</Filter>
    </ClCompile>
  </ItemGroup>
  <ItemGroup>
    <ClInclude Include="src\shared\silkroad_security.h">
      <Filter>shared</Filter>
    </ClInclude>
    <ClInclude Include="src\shared\stream_utility.h">
      <Filter>shared</Filter>
    </ClInclude>
    <ClInclude Include="..\common\Common.h">
      <Filter>Common</Filter>
    </ClInclude>
    <ClInclude Include="src\packetLogger.hpp">
      <Filter>Header Files</Filter>
    </ClInclude>
    <ClInclude Include="src\bot.hpp">
      <Filter>Header Files</Filter>
    </ClInclude>
    <ClInclude Include="src\botConnection.hpp">
      <Filter>Header Files</Filter>
    </ClInclude>
    <ClInclude Include="src\loader.hpp">
      <Filter>Header Files</Filter>
    </ClInclude>
    <ClInclude Include="src\proxy.hpp">
      <Filter>Header Files</Filter>
    </ClInclude>
    <ClInclude Include="src\session.hpp">
      <Filter>Header Files</Filter>
    </ClInclude>
    <ClInclude Include="src\silkroadConnection.hpp">
      <Filter>Header Files</Filter>
    </ClInclude>
    <ClInclude Include="src\loginModule.hpp">
      <Filter>Header Files</Filter>
    </ClInclude>
    <ClInclude Include="src\chatEventModule.hpp">
      <Filter>Header Files</Filter>
    </ClInclude>
    <ClInclude Include="src\brokerSystem.hpp">
      <Filter>Header Files</Filter>
    </ClInclude>
    <ClInclude Include="src\packetBuilding.hpp">
      <Filter>Header Files</Filter>
    </ClInclude>
    <ClInclude Include="src\packetEnums.hpp">
      <Filter>Header Files</Filter>
    </ClInclude>
    <ClInclude Include="..\common\division.hpp">
      <Filter>Common</Filter>
    </ClInclude>
    <ClInclude Include="..\common\divisionInfo.hpp">
      <Filter>Common</Filter>
    </ClInclude>
    <ClInclude Include="..\common\parsing.hpp">
      <Filter>Common</Filter>
    </ClInclude>
    <ClInclude Include="..\common\PK2Reader.h">
      <Filter>Common</Filter>
    </ClInclude>
    <ClInclude Include="..\common\pk2ReaderModern.hpp">
      <Filter>Common</Filter>
    </ClInclude>
    <ClInclude Include="..\common\PK2.h">
      <Filter>Common</Filter>
    </ClInclude>
    <ClInclude Include="..\common\shared_io.h">
      <Filter>Common</Filter>
    </ClInclude>
    <ClInclude Include="..\common\shared_types.h">
      <Filter>Common</Filter>
    </ClInclude>
    <ClInclude Include="..\common\blowfish.h">
      <Filter>Common</Filter>
    </ClInclude>
    <ClInclude Include="src\gameData.hpp">
      <Filter>Header Files</Filter>
    </ClInclude>
    <ClInclude Include="src\itemData.hpp">
      <Filter>Header Files</Filter>
    </ClInclude>
    <ClInclude Include="src\skillData.hpp">
      <Filter>Header Files</Filter>
    </ClInclude>
    <ClInclude Include="src\iniReader.hpp">
      <Filter>Header Files</Filter>
    </ClInclude>
    <ClInclude Include="src\configData.hpp">
      <Filter>Header Files</Filter>
    </ClInclude>
    <ClInclude Include="src\characterLoginData.hpp">
      <Filter>Header Files</Filter>
    </ClInclude>
    <ClInclude Include="src\packetParser.hpp">
      <Filter>Header Files</Filter>
    </ClInclude>
    <ClInclude Include="src\parsedPacket.hpp">
      <Filter>Header Files</Filter>
    </ClInclude>
    <ClInclude Include="src\characterInfoModule.hpp">
      <Filter>Header Files</Filter>
    </ClInclude>
    <ClInclude Include="src\item.hpp">
      <Filter>Header Files</Filter>
    </ClInclude>
    <ClInclude Include="..\common\itemInfo.hpp">
      <Filter>Common</Filter>
    </ClInclude>
    <ClInclude Include="src\characterData.hpp">
      <Filter>Header Files</Filter>
    </ClInclude>
    <ClInclude Include="..\common\characterInfo.hpp">
      <Filter>Common</Filter>
    </ClInclude>
    <ClInclude Include="src\event.hpp">
      <Filter>Header Files</Filter>
    </ClInclude>
    <ClInclude Include="src\eventBroker.hpp">
      <Filter>Header Files</Filter>
    </ClInclude>
    <ClInclude Include="src\timerManager.hpp">
      <Filter>Header Files</Filter>
    </ClInclude>
    <ClInclude Include="src\storage.hpp">
      <Filter>Header Files</Filter>
    </ClInclude>
    <ClInclude Include="src\itemList.hpp">
      <Filter>Header Files</Filter>
    </ClInclude>
  </ItemGroup>
</Project>